
Microsoft Visual Studio Solution File, Format Version 12.00
# Visual Studio Version 17
VisualStudioVersion = 17.10.34916.146
MinimumVisualStudioVersion = 10.0.40219.1
Project("{2150E333-8FDC-42A3-9474-1A3956D46DE8}") = "src", "src", "{EFF213FD-B3AF-4751-9598-3EC979694EED}"
EndProject
Project("{2150E333-8FDC-42A3-9474-1A3956D46DE8}") = "BackEnd", "BackEnd", "{3603BD56-79FD-46CD-A9DD-E08A053362AC}"
EndProject
Project("{2150E333-8FDC-42A3-9474-1A3956D46DE8}") = "FrontEnd", "FrontEnd", "{B728B51C-1519-448D-AE2C-A6620AFA9BEB}"
EndProject
Project("{2150E333-8FDC-42A3-9474-1A3956D46DE8}") = "Common", "Common", "{05286A5D-B71B-4EC2-99D1-A22B23C397B7}"
EndProject
Project("{2150E333-8FDC-42A3-9474-1A3956D46DE8}") = "Infraestructure", "Infraestructure", "{1052A11C-75C4-4509-BE50-E31F125D491A}"
EndProject
Project("{9A19103F-16F7-4668-BE54-9A1E7A4F7556}") = "RestaurantePro.Common.Data", "RestaurantePro.Common.Data\RestaurantePro.Common.Data.csproj", "{D6311A3B-AACE-4234-AD68-3B784062D0EB}"
EndProject
Project("{9A19103F-16F7-4668-BE54-9A1E7A4F7556}") = "RestaurantePro.Infraestructure", "RestaurantePro.Infraestructure\RestaurantePro.Infraestructure.csproj", "{D474958F-A6CB-4371-8020-EAE14DB75F80}"
EndProject
Project("{2150E333-8FDC-42A3-9474-1A3956D46DE8}") = "Modules", "Modules", "{E9335519-A422-43CF-A5E7-0505DF8DAFF1}"
EndProject
Project("{2150E333-8FDC-42A3-9474-1A3956D46DE8}") = "Pedido Management", "Pedido Management", "{6763CA47-12C4-4AE4-B578-97978DEF2250}"
EndProject
Project("{2150E333-8FDC-42A3-9474-1A3956D46DE8}") = "Apis", "Apis", "{A2A67234-44B8-4988-9938-13EC16C35677}"
EndProject
Project("{2150E333-8FDC-42A3-9474-1A3956D46DE8}") = "Application", "Application", "{E70A15E5-0968-4CA5-BD86-F8650C20BBDE}"
EndProject
Project("{2150E333-8FDC-42A3-9474-1A3956D46DE8}") = "Domain", "Domain", "{DA0944FB-8FD3-4036-86B0-78B6C72DFE72}"
EndProject
Project("{2150E333-8FDC-42A3-9474-1A3956D46DE8}") = "Persistence", "Persistence", "{6C621697-6850-4DEA-8C07-740211D7ADCB}"
EndProject
Project("{FAE04EC0-301F-11D3-BF4B-00C04F79EFBC}") = "RestaurantePro.Pedido.Api", "RestaurantePro.Pedido.Api\RestaurantePro.Pedido.Api.csproj", "{9C0386E1-4261-4B8A-9C1A-DE577DD89236}"
EndProject
Project("{FAE04EC0-301F-11D3-BF4B-00C04F79EFBC}") = "RestaurantePro.Pedido.Application", "RestaurantePro.Pedido.Application\RestaurantePro.Pedido.Application.csproj", "{D87661F0-DCAC-42A3-A573-103EDD7A93D5}"
EndProject
Project("{FAE04EC0-301F-11D3-BF4B-00C04F79EFBC}") = "RestaurantePro.Pedido.Domain", "RestaurantePro.Pedido.Domain\RestaurantePro.Pedido.Domain.csproj", "{8D9F7B23-C465-468D-9B75-7BC82C5A2924}"
EndProject
Project("{FAE04EC0-301F-11D3-BF4B-00C04F79EFBC}") = "RestaurantePro.Pedido.Persistance", "RestaurantePro.Pedido.Persistance\RestaurantePro.Pedido.Persistance.csproj", "{95B5FCA2-A66E-4BF0-823C-25E8B640C1A6}"
EndProject
Global
	GlobalSection(SolutionConfigurationPlatforms) = preSolution
		Debug|Any CPU = Debug|Any CPU
		Release|Any CPU = Release|Any CPU
	EndGlobalSection
	GlobalSection(ProjectConfigurationPlatforms) = postSolution
		{D6311A3B-AACE-4234-AD68-3B784062D0EB}.Debug|Any CPU.ActiveCfg = Debug|Any CPU
		{D6311A3B-AACE-4234-AD68-3B784062D0EB}.Debug|Any CPU.Build.0 = Debug|Any CPU
		{D6311A3B-AACE-4234-AD68-3B784062D0EB}.Release|Any CPU.ActiveCfg = Release|Any CPU
		{D6311A3B-AACE-4234-AD68-3B784062D0EB}.Release|Any CPU.Build.0 = Release|Any CPU
		{D474958F-A6CB-4371-8020-EAE14DB75F80}.Debug|Any CPU.ActiveCfg = Debug|Any CPU
		{D474958F-A6CB-4371-8020-EAE14DB75F80}.Debug|Any CPU.Build.0 = Debug|Any CPU
		{D474958F-A6CB-4371-8020-EAE14DB75F80}.Release|Any CPU.ActiveCfg = Release|Any CPU
		{D474958F-A6CB-4371-8020-EAE14DB75F80}.Release|Any CPU.Build.0 = Release|Any CPU
		{9C0386E1-4261-4B8A-9C1A-DE577DD89236}.Debug|Any CPU.ActiveCfg = Debug|Any CPU
		{9C0386E1-4261-4B8A-9C1A-DE577DD89236}.Debug|Any CPU.Build.0 = Debug|Any CPU
		{9C0386E1-4261-4B8A-9C1A-DE577DD89236}.Release|Any CPU.ActiveCfg = Release|Any CPU
		{9C0386E1-4261-4B8A-9C1A-DE577DD89236}.Release|Any CPU.Build.0 = Release|Any CPU
		{D87661F0-DCAC-42A3-A573-103EDD7A93D5}.Debug|Any CPU.ActiveCfg = Debug|Any CPU
		{D87661F0-DCAC-42A3-A573-103EDD7A93D5}.Debug|Any CPU.Build.0 = Debug|Any CPU
		{D87661F0-DCAC-42A3-A573-103EDD7A93D5}.Release|Any CPU.ActiveCfg = Release|Any CPU
		{D87661F0-DCAC-42A3-A573-103EDD7A93D5}.Release|Any CPU.Build.0 = Release|Any CPU
		{8D9F7B23-C465-468D-9B75-7BC82C5A2924}.Debug|Any CPU.ActiveCfg = Debug|Any CPU
		{8D9F7B23-C465-468D-9B75-7BC82C5A2924}.Debug|Any CPU.Build.0 = Debug|Any CPU
		{8D9F7B23-C465-468D-9B75-7BC82C5A2924}.Release|Any CPU.ActiveCfg = Release|Any CPU
		{8D9F7B23-C465-468D-9B75-7BC82C5A2924}.Release|Any CPU.Build.0 = Release|Any CPU
		{95B5FCA2-A66E-4BF0-823C-25E8B640C1A6}.Debug|Any CPU.ActiveCfg = Debug|Any CPU
		{95B5FCA2-A66E-4BF0-823C-25E8B640C1A6}.Debug|Any CPU.Build.0 = Debug|Any CPU
		{95B5FCA2-A66E-4BF0-823C-25E8B640C1A6}.Release|Any CPU.ActiveCfg = Release|Any CPU
		{95B5FCA2-A66E-4BF0-823C-25E8B640C1A6}.Release|Any CPU.Build.0 = Release|Any CPU
	EndGlobalSection
	GlobalSection(SolutionProperties) = preSolution
		HideSolutionNode = FALSE
	EndGlobalSection
	GlobalSection(NestedProjects) = preSolution
		{3603BD56-79FD-46CD-A9DD-E08A053362AC} = {EFF213FD-B3AF-4751-9598-3EC979694EED}
		{B728B51C-1519-448D-AE2C-A6620AFA9BEB} = {EFF213FD-B3AF-4751-9598-3EC979694EED}
		{05286A5D-B71B-4EC2-99D1-A22B23C397B7} = {3603BD56-79FD-46CD-A9DD-E08A053362AC}
		{1052A11C-75C4-4509-BE50-E31F125D491A} = {3603BD56-79FD-46CD-A9DD-E08A053362AC}
		{D6311A3B-AACE-4234-AD68-3B784062D0EB} = {05286A5D-B71B-4EC2-99D1-A22B23C397B7}
		{D474958F-A6CB-4371-8020-EAE14DB75F80} = {1052A11C-75C4-4509-BE50-E31F125D491A}
		{E9335519-A422-43CF-A5E7-0505DF8DAFF1} = {3603BD56-79FD-46CD-A9DD-E08A053362AC}
		{6763CA47-12C4-4AE4-B578-97978DEF2250} = {E9335519-A422-43CF-A5E7-0505DF8DAFF1}
		{A2A67234-44B8-4988-9938-13EC16C35677} = {6763CA47-12C4-4AE4-B578-97978DEF2250}
		{E70A15E5-0968-4CA5-BD86-F8650C20BBDE} = {6763CA47-12C4-4AE4-B578-97978DEF2250}
		{DA0944FB-8FD3-4036-86B0-78B6C72DFE72} = {6763CA47-12C4-4AE4-B578-97978DEF2250}
		{6C621697-6850-4DEA-8C07-740211D7ADCB} = {6763CA47-12C4-4AE4-B578-97978DEF2250}
		{9C0386E1-4261-4B8A-9C1A-DE577DD89236} = {A2A67234-44B8-4988-9938-13EC16C35677}
		{D87661F0-DCAC-42A3-A573-103EDD7A93D5} = {E70A15E5-0968-4CA5-BD86-F8650C20BBDE}
		{8D9F7B23-C465-468D-9B75-7BC82C5A2924} = {DA0944FB-8FD3-4036-86B0-78B6C72DFE72}
		{95B5FCA2-A66E-4BF0-823C-25E8B640C1A6} = {6C621697-6850-4DEA-8C07-740211D7ADCB}
	EndGlobalSection
	GlobalSection(ExtensibilityGlobals) = postSolution
		SolutionGuid = {1E74B095-3962-4B9B-B452-134B8C534707}
	EndGlobalSection
EndGlobal
